
Microsoft Visual Studio Solution File, Format Version 12.00
# Visual Studio Version 16
VisualStudioVersion = 16.0.29201.188
MinimumVisualStudioVersion = 10.0.40219.1
Project("{FAE04EC0-301F-11D3-BF4B-00C04F79EFBC}") = "WPF-Binding", "WPF-Binding\WPF-Binding.csproj", "{63D9D5E4-84ED-45AF-B84E-61127B912B9B}"
EndProject
Global
	GlobalSection(SolutionConfigurationPlatforms) = preSolution
		Debug|Any CPU = Debug|Any CPU
		Release|Any CPU = Release|Any CPU
	EndGlobalSection
	GlobalSection(ProjectConfigurationPlatforms) = postSolution
		{63D9D5E4-84ED-45AF-B84E-61127B912B9B}.Debug|Any CPU.ActiveCfg = Debug|Any CPU
		{63D9D5E4-84ED-45AF-B84E-61127B912B9B}.Debug|Any CPU.Build.0 = Debug|Any CPU
		{63D9D5E4-84ED-45AF-B84E-61127B912B9B}.Release|Any CPU.ActiveCfg = Release|Any CPU
		{63D9D5E4-84ED-45AF-B84E-61127B912B9B}.Release|Any CPU.Build.0 = Release|Any CPU
	EndGlobalSection
	GlobalSection(SolutionProperties) = preSolution
		HideSolutionNode = FALSE
	EndGlobalSection
	GlobalSection(ExtensibilityGlobals) = postSolution
		SolutionGuid = {ECAE1563-B3BD-4205-BEF4-43A3A1B48BF5}
	EndGlobalSection
EndGlobal
